# THIS IS AN AUTOGENERATED FILE. DO NOT EDIT THIS FILE DIRECTLY.
# yarn lockfile v1


"@types/validator@^13.1.4":
  version "13.1.4"
  resolved "https://registry.yarnpkg.com/@types/validator/-/validator-13.1.4.tgz#d2e3c27523ce1b5d9dc13d16cbce65dc4db2adbe"
  integrity sha512-19C02B8mr53HufY7S+HO/EHBD7a/R22IwEwyqiHaR19iwL37dN3o0M8RianVInfSSqP7InVSg/o0mUATM4JWsQ==
